
Microsoft Visual Studio Solution File, Format Version 12.00
# Visual Studio Version 17
VisualStudioVersion = 17.14.36511.14 d17.14
MinimumVisualStudioVersion = 10.0.40219.1
Project("{FAE04EC0-301F-11D3-BF4B-00C04F79EFBC}") = "SampleFramework", "SampleFramework.csproj", "{8CF5D545-987C-4C64-A04D-D0019EE2E36D}"
EndProject
Global
	GlobalSection(SolutionConfigurationPlatforms) = preSolution
		Debug|Any CPU = Debug|Any CPU
		Release|Any CPU = Release|Any CPU
	EndGlobalSection
	GlobalSection(ProjectConfigurationPlatforms) = postSolution
		{8CF5D545-987C-4C64-A04D-D0019EE2E36D}.Debug|Any CPU.ActiveCfg = Debug|Any CPU
		{8CF5D545-987C-4C64-A04D-D0019EE2E36D}.Debug|Any CPU.Build.0 = Debug|Any CPU
		{8CF5D545-987C-4C64-A04D-D0019EE2E36D}.Release|Any CPU.ActiveCfg = Release|Any CPU
		{8CF5D545-987C-4C64-A04D-D0019EE2E36D}.Release|Any CPU.Build.0 = Release|Any CPU
	EndGlobalSection
	GlobalSection(SolutionProperties) = preSolution
		HideSolutionNode = FALSE
	EndGlobalSection
	GlobalSection(ExtensibilityGlobals) = postSolution
		SolutionGuid = {F4A02BD9-0C85-41E1-B85B-DF9BAB2DE71F}
	EndGlobalSection
EndGlobal
